
Microsoft Visual Studio Solution File, Format Version 12.00
# Visual Studio Version 17
VisualStudioVersion = 17.2.32602.215
MinimumVisualStudioVersion = 10.0.40219.1
Project("{FAE04EC0-301F-11D3-BF4B-00C04F79EFBC}") = "whatsapp-bulk-invite-pro", "whatsapp-bulk-invite-pro\whatsapp-bulk-invite-pro.csproj", "{4CA62C72-594D-457E-B383-925E33022276}"
EndProject
Global
	GlobalSection(SolutionConfigurationPlatforms) = preSolution
		Debug|Any CPU = Debug|Any CPU
		Release|Any CPU = Release|Any CPU
	EndGlobalSection
	GlobalSection(ProjectConfigurationPlatforms) = postSolution
		{4CA62C72-594D-457E-B383-925E33022276}.Debug|Any CPU.ActiveCfg = Debug|Any CPU
		{4CA62C72-594D-457E-B383-925E33022276}.Debug|Any CPU.Build.0 = Debug|Any CPU
		{4CA62C72-594D-457E-B383-925E33022276}.Release|Any CPU.ActiveCfg = Release|Any CPU
		{4CA62C72-594D-457E-B383-925E33022276}.Release|Any CPU.Build.0 = Release|Any CPU
	EndGlobalSection
	GlobalSection(SolutionProperties) = preSolution
		HideSolutionNode = FALSE
	EndGlobalSection
	GlobalSection(ExtensibilityGlobals) = postSolution
		SolutionGuid = {C1780773-D1E0-495D-AB3D-C3F5BC8DC823}
	EndGlobalSection
EndGlobal
